# This file is automatically @generated by Cargo.
# It is not intended for manual editing.
version = 4

[[package]]
name = "hl-bsp"
version = "0.1.0"
dependencies = [
 "hl-format",
 "psx-render-contract",
]

[[package]]
name = "hl-format"
version = "0.1.0"

[[package]]
name = "psx-render-contract"
version = "0.1.0"
